
Microsoft Visual Studio Solution File, Format Version 12.00
# Visual Studio 15
Project("{FAE04EC0-301F-11D3-BF4B-00C04F79EFBC}") = "Assembly-CSharp", "Assembly-CSharp.csproj", "{4EBCD97C-6E5B-5362-94BC-83981D7C272E}"
EndProject
Project("{FAE04EC0-301F-11D3-BF4B-00C04F79EFBC}") = "Assembly-CSharp-Editor", "Assembly-CSharp-Editor.csproj", "{F497BF38-51D6-BDA7-6DC8-82E2785E8B0B}"
EndProject
Global
	GlobalSection(SolutionConfigurationPlatforms) = preSolution
		Debug|Any CPU = Debug|Any CPU
		Release|Any CPU = Release|Any CPU
	EndGlobalSection
	GlobalSection(ProjectConfigurationPlatforms) = postSolution
		{4EBCD97C-6E5B-5362-94BC-83981D7C272E}.Debug|Any CPU.ActiveCfg = Debug|Any CPU
		{4EBCD97C-6E5B-5362-94BC-83981D7C272E}.Debug|Any CPU.Build.0 = Debug|Any CPU
		{4EBCD97C-6E5B-5362-94BC-83981D7C272E}.Release|Any CPU.ActiveCfg = Release|Any CPU
		{4EBCD97C-6E5B-5362-94BC-83981D7C272E}.Release|Any CPU.Build.0 = Release|Any CPU
		{F497BF38-51D6-BDA7-6DC8-82E2785E8B0B}.Debug|Any CPU.ActiveCfg = Debug|Any CPU
		{F497BF38-51D6-BDA7-6DC8-82E2785E8B0B}.Debug|Any CPU.Build.0 = Debug|Any CPU
		{F497BF38-51D6-BDA7-6DC8-82E2785E8B0B}.Release|Any CPU.ActiveCfg = Release|Any CPU
		{F497BF38-51D6-BDA7-6DC8-82E2785E8B0B}.Release|Any CPU.Build.0 = Release|Any CPU
	EndGlobalSection
	GlobalSection(SolutionProperties) = preSolution
		HideSolutionNode = FALSE
	EndGlobalSection
EndGlobal
